// !$*UTF8*$!
{
	archiveVersion = 1;
	classes = {
	};
	objectVersion = 50;
	objects = {

/* Begin PBXBuildFile section */
		8B4E1DB8222EB68A00053935 /* TitanOne-Regular.ttf in Resources */ = {isa = PBXBuildFile; fileRef = 8B4E1DB7222EB68A00053935 /* TitanOne-Regular.ttf */; };
		9DC33E4A222D4E5A00150FDA /* AppDelegate.swift in Sources */ = {isa = PBXBuildFile; fileRef = 9DC33E49222D4E5A00150FDA /* AppDelegate.swift */; };
		9DC33E4C222D4E5A00150FDA /* GameController.swift in Sources */ = {isa = PBXBuildFile; fileRef = 9DC33E4B222D4E5A00150FDA /* GameController.swift */; };
		9DC33E4F222D4E5A00150FDA /* Main.storyboard in Resources */ = {isa = PBXBuildFile; fileRef = 9DC33E4D222D4E5A00150FDA /* Main.storyboard */; };
		9DC33E51222D4E5C00150FDA /* Assets.xcassets in Resources */ = {isa = PBXBuildFile; fileRef = 9DC33E50222D4E5C00150FDA /* Assets.xcassets */; };
		9DC33E54222D4E5C00150FDA /* LaunchScreen.storyboard in Resources */ = {isa = PBXBuildFile; fileRef = 9DC33E52222D4E5C00150FDA /* LaunchScreen.storyboard */; };
		9DC33E5C222D7EF200150FDA /* LevelsViewController.swift in Sources */ = {isa = PBXBuildFile; fileRef = 9DC33E5B222D7EF200150FDA /* LevelsViewController.swift */; };
		9DC33E61222D845200150FDA /* LevelCollectionViewCell.swift in Sources */ = {isa = PBXBuildFile; fileRef = 9DC33E5F222D845200150FDA /* LevelCollectionViewCell.swift */; };
		9DC33E62222D845200150FDA /* LevelCollectionViewCell.xib in Resources */ = {isa = PBXBuildFile; fileRef = 9DC33E60222D845200150FDA /* LevelCollectionViewCell.xib */; };
		9DC33E65222D885D00150FDA /* Level.swift in Sources */ = {isa = PBXBuildFile; fileRef = 9DC33E64222D885D00150FDA /* Level.swift */; };
		9DD8F61E222EBF4C009289A3 /* Strings.swift in Sources */ = {isa = PBXBuildFile; fileRef = 9DD8F61D222EBF4C009289A3 /* Strings.swift */; };
/* End PBXBuildFile section */

/* Begin PBXFileReference section */
		8B4E1DB7222EB68A00053935 /* TitanOne-Regular.ttf */ = {isa = PBXFileReference; lastKnownFileType = file; path = "TitanOne-Regular.ttf"; sourceTree = "<group>"; };
		9DC33E46222D4E5A00150FDA /* ChamomileGame.app */ = {isa = PBXFileReference; explicitFileType = wrapper.application; includeInIndex = 0; path = ChamomileGame.app; sourceTree = BUILT_PRODUCTS_DIR; };
		9DC33E49222D4E5A00150FDA /* AppDelegate.swift */ = {isa = PBXFileReference; lastKnownFileType = sourcecode.swift; path = AppDelegate.swift; sourceTree = "<group>"; };
		9DC33E4B222D4E5A00150FDA /* GameController.swift */ = {isa = PBXFileReference; lastKnownFileType = sourcecode.swift; path = GameController.swift; sourceTree = "<group>"; };
		9DC33E4E222D4E5A00150FDA /* Base */ = {isa = PBXFileReference; lastKnownFileType = file.storyboard; name = Base; path = Base.lproj/Main.storyboard; sourceTree = "<group>"; };
		9DC33E50222D4E5C00150FDA /* Assets.xcassets */ = {isa = PBXFileReference; lastKnownFileType = folder.assetcatalog; path = Assets.xcassets; sourceTree = "<group>"; };
		9DC33E53222D4E5C00150FDA /* Base */ = {isa = PBXFileReference; lastKnownFileType = file.storyboard; name = Base; path = Base.lproj/LaunchScreen.storyboard; sourceTree = "<group>"; };
		9DC33E55222D4E5C00150FDA /* Info.plist */ = {isa = PBXFileReference; lastKnownFileType = text.plist.xml; path = Info.plist; sourceTree = "<group>"; };
		9DC33E5B222D7EF200150FDA /* LevelsViewController.swift */ = {isa = PBXFileReference; lastKnownFileType = sourcecode.swift; path = LevelsViewController.swift; sourceTree = "<group>"; };
		9DC33E5F222D845200150FDA /* LevelCollectionViewCell.swift */ = {isa = PBXFileReference; lastKnownFileType = sourcecode.swift; path = LevelCollectionViewCell.swift; sourceTree = "<group>"; };
		9DC33E60222D845200150FDA /* LevelCollectionViewCell.xib */ = {isa = PBXFileReference; lastKnownFileType = file.xib; path = LevelCollectionViewCell.xib; sourceTree = "<group>"; };
		9DC33E64222D885D00150FDA /* Level.swift */ = {isa = PBXFileReference; lastKnownFileType = sourcecode.swift; path = Level.swift; sourceTree = "<group>"; };
		9DD8F61D222EBF4C009289A3 /* Strings.swift */ = {isa = PBXFileReference; lastKnownFileType = sourcecode.swift; path = Strings.swift; sourceTree = "<group>"; };
/* End PBXFileReference section */

/* Begin PBXFrameworksBuildPhase section */
		9DC33E43222D4E5A00150FDA /* Frameworks */ = {
			isa = PBXFrameworksBuildPhase;
			buildActionMask = 2147483647;
			files = (
			);
			runOnlyForDeploymentPostprocessing = 0;
		};
/* End PBXFrameworksBuildPhase section */

/* Begin PBXGroup section */
		9DC33E3D222D4E5A00150FDA = {
			isa = PBXGroup;
			children = (
				9DC33E48222D4E5A00150FDA /* ChamomileGame */,
				9DC33E47222D4E5A00150FDA /* Products */,
			);
			sourceTree = "<group>";
		};
		9DC33E47222D4E5A00150FDA /* Products */ = {
			isa = PBXGroup;
			children = (
				9DC33E46222D4E5A00150FDA /* ChamomileGame.app */,
			);
			name = Products;
			sourceTree = "<group>";
		};
		9DC33E48222D4E5A00150FDA /* ChamomileGame */ = {
			isa = PBXGroup;
			children = (
				9DC33E63222D880500150FDA /* Models */,
				9DC33E49222D4E5A00150FDA /* AppDelegate.swift */,
				9DC33E4B222D4E5A00150FDA /* GameController.swift */,
				9DC33E4D222D4E5A00150FDA /* Main.storyboard */,
				9DC33E50222D4E5C00150FDA /* Assets.xcassets */,
				9DC33E52222D4E5C00150FDA /* LaunchScreen.storyboard */,
				9DC33E55222D4E5C00150FDA /* Info.plist */,
				9DC33E5B222D7EF200150FDA /* LevelsViewController.swift */,
				9DC33E5F222D845200150FDA /* LevelCollectionViewCell.swift */,
				8B4E1DB7222EB68A00053935 /* TitanOne-Regular.ttf */,
				9DC33E60222D845200150FDA /* LevelCollectionViewCell.xib */,
				9DD8F61D222EBF4C009289A3 /* Strings.swift */,
			);
			path = ChamomileGame;
			sourceTree = "<group>";
		};
		9DC33E63222D880500150FDA /* Models */ = {
			isa = PBXGroup;
			children = (
				9DC33E64222D885D00150FDA /* Level.swift */,
			);
			path = Models;
			sourceTree = "<group>";
		};
/* End PBXGroup section */

/* Begin PBXNativeTarget section */
		9DC33E45222D4E5A00150FDA /* ChamomileGame */ = {
			isa = PBXNativeTarget;
			buildConfigurationList = 9DC33E58222D4E5C00150FDA /* Build configuration list for PBXNativeTarget "ChamomileGame" */;
			buildPhases = (
				9DC33E42222D4E5A00150FDA /* Sources */,
				9DC33E43222D4E5A00150FDA /* Frameworks */,
				9DC33E44222D4E5A00150FDA /* Resources */,
			);
			buildRules = (
			);
			dependencies = (
			);
			name = ChamomileGame;
			productName = ChamomileGame;
			productReference = 9DC33E46222D4E5A00150FDA /* ChamomileGame.app */;
			productType = "com.apple.product-type.application";
		};
/* End PBXNativeTarget section */

/* Begin PBXProject section */
		9DC33E3E222D4E5A00150FDA /* Project object */ = {
			isa = PBXProject;
			attributes = {
				LastSwiftUpdateCheck = 1010;
				LastUpgradeCheck = 1010;
				ORGANIZATIONNAME = "Денис Марков";
				TargetAttributes = {
					9DC33E45222D4E5A00150FDA = {
						CreatedOnToolsVersion = 10.1;
					};
				};
			};
			buildConfigurationList = 9DC33E41222D4E5A00150FDA /* Build configuration list for PBXProject "ChamomileGame" */;
			compatibilityVersion = "Xcode 9.3";
			developmentRegion = en;
			hasScannedForEncodings = 0;
			knownRegions = (
				en,
				Base,
			);
			mainGroup = 9DC33E3D222D4E5A00150FDA;
			productRefGroup = 9DC33E47222D4E5A00150FDA /* Products */;
			projectDirPath = "";
			projectRoot = "";
			targets = (
				9DC33E45222D4E5A00150FDA /* ChamomileGame */,
			);
		};
/* End PBXProject section */

/* Begin PBXResourcesBuildPhase section */
		9DC33E44222D4E5A00150FDA /* Resources */ = {
			isa = PBXResourcesBuildPhase;
			buildActionMask = 2147483647;
			files = (
				8B4E1DB8222EB68A00053935 /* TitanOne-Regular.ttf in Resources */,
				9DC33E54222D4E5C00150FDA /* LaunchScreen.storyboard in Resources */,
				9DC33E51222D4E5C00150FDA /* Assets.xcassets in Resources */,
				9DC33E4F222D4E5A00150FDA /* Main.storyboard in Resources */,
				9DC33E62222D845200150FDA /* LevelCollectionViewCell.xib in Resources */,
			);
			runOnlyForDeploymentPostprocessing = 0;
		};
/* End PBXResourcesBuildPhase section */

/* Begin PBXSourcesBuildPhase section */
		9DC33E42222D4E5A00150FDA /* Sources */ = {
			isa = PBXSourcesBuildPhase;
			buildActionMask = 2147483647;
			files = (
				9DC33E5C222D7EF200150FDA /* LevelsViewController.swift in Sources */,
				9DC33E4C222D4E5A00150FDA /* GameController.swift in Sources */,
				9DC33E4A222D4E5A00150FDA /* AppDelegate.swift in Sources */,
				9DC33E65222D885D00150FDA /* Level.swift in Sources */,
				9DD8F61E222EBF4C009289A3 /* Strings.swift in Sources */,
				9DC33E61222D845200150FDA /* LevelCollectionViewCell.swift in Sources */,
			);
			runOnlyForDeploymentPostprocessing = 0;
		};
/* End PBXSourcesBuildPhase section */

/* Begin PBXVariantGroup section */
		9DC33E4D222D4E5A00150FDA /* Main.storyboard */ = {
			isa = PBXVariantGroup;
			children = (
				9DC33E4E222D4E5A00150FDA /* Base */,
			);
			name = Main.storyboard;
			sourceTree = "<group>";
		};
		9DC33E52222D4E5C00150FDA /* LaunchScreen.storyboard */ = {
			isa = PBXVariantGroup;
			children = (
				9DC33E53222D4E5C00150FDA /* Base */,
			);
			name = LaunchScreen.storyboard;
			sourceTree = "<group>";
		};
/* End PBXVariantGroup section */

/* Begin XCBuildConfiguration section */
		9DC33E56222D4E5C00150FDA /* Debug */ = {
			isa = XCBuildConfiguration;
			buildSettings = {
				ALWAYS_SEARCH_USER_PATHS = NO;
				CLANG_ANALYZER_NONNULL = YES;
				CLANG_ANALYZER_NUMBER_OBJECT_CONVERSION = YES_AGGRESSIVE;
				CLANG_CXX_LANGUAGE_STANDARD = "gnu++14";
				CLANG_CXX_LIBRARY = "libc++";
				CLANG_ENABLE_MODULES = YES;
				CLANG_ENABLE_OBJC_ARC = YES;
				CLANG_ENABLE_OBJC_WEAK = YES;
				CLANG_WARN_BLOCK_CAPTURE_AUTORELEASING = YES;
				CLANG_WARN_BOOL_CONVERSION = YES;
				CLANG_WARN_COMMA = YES;
				CLANG_WARN_CONSTANT_CONVERSION = YES;
				CLANG_WARN_DEPRECATED_OBJC_IMPLEMENTATIONS = YES;
				CLANG_WARN_DIRECT_OBJC_ISA_USAGE = YES_ERROR;
				CLANG_WARN_DOCUMENTATION_COMMENTS = YES;
				CLANG_WARN_EMPTY_BODY = YES;
				CLANG_WARN_ENUM_CONVERSION = YES;
				CLANG_WARN_INFINITE_RECURSION = YES;
				CLANG_WARN_INT_CONVERSION = YES;
				CLANG_WARN_NON_LITERAL_NULL_CONVERSION = YES;
				CLANG_WARN_OBJC_IMPLICIT_RETAIN_SELF = YES;
				CLANG_WARN_OBJC_LITERAL_CONVERSION = YES;
				CLANG_WARN_OBJC_ROOT_CLASS = YES_ERROR;
				CLANG_WARN_RANGE_LOOP_ANALYSIS = YES;
				CLANG_WARN_STRICT_PROTOTYPES = YES;
				CLANG_WARN_SUSPICIOUS_MOVE = YES;
				CLANG_WARN_UNGUARDED_AVAILABILITY = YES_AGGRESSIVE;
				CLANG_WARN_UNREACHABLE_CODE = YES;
				CLANG_WARN__DUPLICATE_METHOD_MATCH = YES;
				CODE_SIGN_IDENTITY = "iPhone Developer";
				COPY_PHASE_STRIP = NO;
				DEBUG_INFORMATION_FORMAT = dwarf;
				ENABLE_STRICT_OBJC_MSGSEND = YES;
				ENABLE_TESTABILITY = YES;
				GCC_C_LANGUAGE_STANDARD = gnu11;
				GCC_DYNAMIC_NO_PIC = NO;
				GCC_NO_COMMON_BLOCKS = YES;
				GCC_OPTIMIZATION_LEVEL = 0;
				GCC_PREPROCESSOR_DEFINITIONS = (
					"DEBUG=1",
					"$(inherited)",
				);
				GCC_WARN_64_TO_32_BIT_CONVERSION = YES;
				GCC_WARN_ABOUT_RETURN_TYPE = YES_ERROR;
				GCC_WARN_UNDECLARED_SELECTOR = YES;
				GCC_WARN_UNINITIALIZED_AUTOS = YES_AGGRESSIVE;
				GCC_WARN_UNUSED_FUNCTION = YES;
				GCC_WARN_UNUSED_VARIABLE = YES;
				IPHONEOS_DEPLOYMENT_TARGET = 12.1;
				MTL_ENABLE_DEBUG_INFO = INCLUDE_SOURCE;
				MTL_FAST_MATH = YES;
				ONLY_ACTIVE_ARCH = YES;
				SDKROOT = iphoneos;
				SWIFT_ACTIVE_COMPILATION_CONDITIONS = DEBUG;
				SWIFT_OPTIMIZATION_LEVEL = "-Onone";
			};
			name = Debug;
		};
		9DC33E57222D4E5C00150FDA /* Release */ = {
			isa = XCBuildConfiguration;
			buildSettings = {
				ALWAYS_SEARCH_USER_PATHS = NO;
				CLANG_ANALYZER_NONNULL = YES;
				CLANG_ANALYZER_NUMBER_OBJECT_CONVERSION = YES_AGGRESSIVE;
				CLANG_CXX_LANGUAGE_STANDARD = "gnu++14";
				CLANG_CXX_LIBRARY = "libc++";
				CLANG_ENABLE_MODULES = YES;
				CLANG_ENABLE_OBJC_ARC = YES;
				CLANG_ENABLE_OBJC_WEAK = YES;
				CLANG_WARN_BLOCK_CAPTURE_AUTORELEASING = YES;
				CLANG_WARN_BOOL_CONVERSION = YES;
				CLANG_WARN_COMMA = YES;
				CLANG_WARN_CONSTANT_CONVERSION = YES;
				CLANG_WARN_DEPRECATED_OBJC_IMPLEMENTATIONS = YES;
				CLANG_WARN_DIRECT_OBJC_ISA_USAGE = YES_ERROR;
				CLANG_WARN_DOCUMENTATION_COMMENTS = YES;
				CLANG_WARN_EMPTY_BODY = YES;
				CLANG_WARN_ENUM_CONVERSION = YES;
				CLANG_WARN_INFINITE_RECURSION = YES;
				CLANG_WARN_INT_CONVERSION = YES;
				CLANG_WARN_NON_LITERAL_NULL_CONVERSION = YES;
				CLANG_WARN_OBJC_IMPLICIT_RETAIN_SELF = YES;
				CLANG_WARN_OBJC_LITERAL_CONVERSION = YES;
				CLANG_WARN_OBJC_ROOT_CLASS = YES_ERROR;
				CLANG_WARN_RANGE_LOOP_ANALYSIS = YES;
				CLANG_WARN_STRICT_PROTOTYPES = YES;
				CLANG_WARN_SUSPICIOUS_MOVE = YES;
				CLANG_WARN_UNGUARDED_AVAILABILITY = YES_AGGRESSIVE;
				CLANG_WARN_UNREACHABLE_CODE = YES;
				CLANG_WARN__DUPLICATE_METHOD_MATCH = YES;
				CODE_SIGN_IDENTITY = "iPhone Developer";
				COPY_PHASE_STRIP = NO;
				DEBUG_INFORMATION_FORMAT = "dwarf-with-dsym";
				ENABLE_NS_ASSERTIONS = NO;
				ENABLE_STRICT_OBJC_MSGSEND = YES;
				GCC_C_LANGUAGE_STANDARD = gnu11;
				GCC_NO_COMMON_BLOCKS = YES;
				GCC_WARN_64_TO_32_BIT_CONVERSION = YES;
				GCC_WARN_ABOUT_RETURN_TYPE = YES_ERROR;
				GCC_WARN_UNDECLARED_SELECTOR = YES;
				GCC_WARN_UNINITIALIZED_AUTOS = YES_AGGRESSIVE;
				GCC_WARN_UNUSED_FUNCTION = YES;
				GCC_WARN_UNUSED_VARIABLE = YES;
				IPHONEOS_DEPLOYMENT_TARGET = 12.1;
				MTL_ENABLE_DEBUG_INFO = NO;
				MTL_FAST_MATH = YES;
				SDKROOT = iphoneos;
				SWIFT_COMPILATION_MODE = wholemodule;
				SWIFT_OPTIMIZATION_LEVEL = "-O";
				VALIDATE_PRODUCT = YES;
			};
			name = Release;
		};
		9DC33E59222D4E5C00150FDA /* Debug */ = {
			isa = XCBuildConfiguration;
			buildSettings = {
				ASSETCATALOG_COMPILER_APPICON_NAME = AppIcon;
				CODE_SIGN_IDENTITY = "iPhone Distribution";
				CODE_SIGN_STYLE = Manual;
				DEVELOPMENT_TEAM = YY8NR6VSHW;
				INFOPLIST_FILE = ChamomileGame/Info.plist;
				LD_RUNPATH_SEARCH_PATHS = (
					"$(inherited)",
					"@executable_path/Frameworks",
				);
				PRODUCT_BUNDLE_IDENTIFIER = com.Kate.ChamomileGame;
				PRODUCT_NAME = "$(TARGET_NAME)";
				PROVISIONING_PROFILE_SPECIFIER = cham_distr2;
				SWIFT_VERSION = 4.2;
				TARGETED_DEVICE_FAMILY = 1;
			};
			name = Debug;
		};
		9DC33E5A222D4E5C00150FDA /* Release */ = {
			isa = XCBuildConfiguration;
			buildSettings = {
				ASSETCATALOG_COMPILER_APPICON_NAME = AppIcon;
				CODE_SIGN_IDENTITY = "iPhone Distribution";
				CODE_SIGN_STYLE = Manual;
				DEVELOPMENT_TEAM = YY8NR6VSHW;
				INFOPLIST_FILE = ChamomileGame/Info.plist;
				LD_RUNPATH_SEARCH_PATHS = (
					"$(inherited)",
					"@executable_path/Frameworks",
				);
				PRODUCT_BUNDLE_IDENTIFIER = com.Kate.ChamomileGame;
				PRODUCT_NAME = "$(TARGET_NAME)";
				PROVISIONING_PROFILE_SPECIFIER = cham_distr2;
				SWIFT_VERSION = 4.2;
				TARGETED_DEVICE_FAMILY = 1;
			};
			name = Release;
		};
/* End XCBuildConfiguration section */

/* Begin XCConfigurationList section */
		9DC33E41222D4E5A00150FDA /* Build configuration list for PBXProject "ChamomileGame" */ = {
			isa = XCConfigurationList;
			buildConfigurations = (
				9DC33E56222D4E5C00150FDA /* Debug */,
				9DC33E57222D4E5C00150FDA /* Release */,
			);
			defaultConfigurationIsVisible = 0;
			defaultConfigurationName = Release;
		};
		9DC33E58222D4E5C00150FDA /* Build configuration list for PBXNativeTarget "ChamomileGame" */ = {
			isa = XCConfigurationList;
			buildConfigurations = (
				9DC33E59222D4E5C00150FDA /* Debug */,
				9DC33E5A222D4E5C00150FDA /* Release */,
			);
			defaultConfigurationIsVisible = 0;
			defaultConfigurationName = Release;
		};
/* End XCConfigurationList section */
	};
	rootObject = 9DC33E3E222D4E5A00150FDA /* Project object */;
}
